
Microsoft Visual Studio Solution File, Format Version 12.00
# Visual Studio 14
VisualStudioVersion = 14.0.24720.0
MinimumVisualStudioVersion = 10.0.40219.1
Project("{FAE04EC0-301F-11D3-BF4B-00C04F79EFBC}") = "mmk.gamepad", "mmk.gamepad\mmk.gamepad.csproj", "{19B3D397-24EC-4B5C-8A26-A453A81D9531}"
EndProject
Project("{2150E333-8FDC-42A3-9474-1A3956D46DE8}") = "Documentation", "Documentation", "{4BE63026-FF50-48E3-B916-3FF0EE91C061}"
	ProjectSection(SolutionItems) = preProject
		LICENSE.txt = LICENSE.txt
		Readme.md = Readme.md
	EndProjectSection
EndProject
Project("{2150E333-8FDC-42A3-9474-1A3956D46DE8}") = "Configuration", "Configuration", "{67DC01E8-B34D-46BC-846D-7139B509C6AA}"
	ProjectSection(SolutionItems) = preProject
		.gitignore = .gitignore
		mmk.gamepad.nuspec = mmk.gamepad.nuspec
	EndProjectSection
EndProject
Global
	GlobalSection(SolutionConfigurationPlatforms) = preSolution
		Debug|Any CPU = Debug|Any CPU
		Release|Any CPU = Release|Any CPU
	EndGlobalSection
	GlobalSection(ProjectConfigurationPlatforms) = postSolution
		{19B3D397-24EC-4B5C-8A26-A453A81D9531}.Debug|Any CPU.ActiveCfg = Debug|Any CPU
		{19B3D397-24EC-4B5C-8A26-A453A81D9531}.Debug|Any CPU.Build.0 = Debug|Any CPU
		{19B3D397-24EC-4B5C-8A26-A453A81D9531}.Release|Any CPU.ActiveCfg = Release|Any CPU
		{19B3D397-24EC-4B5C-8A26-A453A81D9531}.Release|Any CPU.Build.0 = Release|Any CPU
	EndGlobalSection
	GlobalSection(SolutionProperties) = preSolution
		HideSolutionNode = FALSE
	EndGlobalSection
EndGlobal
